
Microsoft Visual Studio Solution File, Format Version 12.00
# Visual Studio Version 17
VisualStudioVersion = 17.6.33723.286
MinimumVisualStudioVersion = 10.0.40219.1
Project("{9A19103F-16F7-4668-BE54-9A1E7A4F7556}") = "WpfAdornedControl", "WpfAdornedControl\WpfAdornedControl.csproj", "{C1707A5E-9680-4152-847D-7A479E8DC883}"
EndProject
Project("{2150E333-8FDC-42A3-9474-1A3956D46DE8}") = "Solution Items", "Solution Items", "{BEFD0BD6-1347-4A17-B94E-4110B9A38968}"
	ProjectSection(SolutionItems) = preProject
		.gitignore = .gitignore
		Build.bat = Build.bat
		Directory.Build.Props = Directory.Build.Props
		Directory.NuGet.props = Directory.NuGet.props
		..\Nuget.Config = ..\Nuget.Config
	EndProjectSection
EndProject
Global
	GlobalSection(SolutionConfigurationPlatforms) = preSolution
		Debug|Any CPU = Debug|Any CPU
		Release|Any CPU = Release|Any CPU
	EndGlobalSection
	GlobalSection(ProjectConfigurationPlatforms) = postSolution
		{C1707A5E-9680-4152-847D-7A479E8DC883}.Debug|Any CPU.ActiveCfg = Debug|Any CPU
		{C1707A5E-9680-4152-847D-7A479E8DC883}.Debug|Any CPU.Build.0 = Debug|Any CPU
		{C1707A5E-9680-4152-847D-7A479E8DC883}.Release|Any CPU.ActiveCfg = Release|Any CPU
		{C1707A5E-9680-4152-847D-7A479E8DC883}.Release|Any CPU.Build.0 = Release|Any CPU
	EndGlobalSection
	GlobalSection(SolutionProperties) = preSolution
		HideSolutionNode = FALSE
	EndGlobalSection
	GlobalSection(ExtensibilityGlobals) = postSolution
		SolutionGuid = {E97A7340-5438-4470-BA5C-1AD4568D895C}
	EndGlobalSection
EndGlobal
